
Microsoft Visual Studio Solution File, Format Version 12.00
# Visual Studio Version 17
VisualStudioVersion = 17.8.34316.72
MinimumVisualStudioVersion = 10.0.40219.1
Project("{778DAE3C-4631-46EA-AA77-85C1314464D9}") = "GetFileProperties", "GetFileProperties.vbproj", "{C72F79E2-F0C9-4582-B209-8108B6A51DA3}"
EndProject
Global
	GlobalSection(SolutionConfigurationPlatforms) = preSolution
		Debug|Any CPU = Debug|Any CPU
		Release|Any CPU = Release|Any CPU
	EndGlobalSection
	GlobalSection(ProjectConfigurationPlatforms) = postSolution
		{C72F79E2-F0C9-4582-B209-8108B6A51DA3}.Debug|Any CPU.ActiveCfg = Debug|Any CPU
		{C72F79E2-F0C9-4582-B209-8108B6A51DA3}.Debug|Any CPU.Build.0 = Debug|Any CPU
		{C72F79E2-F0C9-4582-B209-8108B6A51DA3}.Release|Any CPU.ActiveCfg = Release|Any CPU
		{C72F79E2-F0C9-4582-B209-8108B6A51DA3}.Release|Any CPU.Build.0 = Release|Any CPU
	EndGlobalSection
	GlobalSection(SolutionProperties) = preSolution
		HideSolutionNode = FALSE
	EndGlobalSection
	GlobalSection(ExtensibilityGlobals) = postSolution
		SolutionGuid = {A2550687-A552-4D14-8C5E-7745920A83DA}
	EndGlobalSection
EndGlobal
